{
  "nodes": {
    "emacs-overlay": {
      "inputs": {
        "flake-utils": "flake-utils",
        "nixpkgs": "nixpkgs"
      },
      "locked": {
        "lastModified": 1653393865,
        "narHash": "sha256-J353qTiWLIfJj/O9DokuMEOsHOH3XxXr7tk8VQ459SE=",
        "owner": "nix-community",
        "repo": "emacs-overlay",
        "rev": "5eca6eb3f6bad6b8121c5f73a3ce403b3cb2be51",
        "type": "github"
      },
      "original": {
        "owner": "nix-community",
        "repo": "emacs-overlay",
        "type": "github"
      }
    },
    "flake-utils": {
      "locked": {
        "lastModified": 1652776076,
        "narHash": "sha256-gzTw/v1vj4dOVbpBSJX4J0DwUR6LIyXo7/SuuTJp1kM=",
        "owner": "numtide",
        "repo": "flake-utils",
        "rev": "04c1b180862888302ddfb2e3ad9eaa63afc60cf8",
        "type": "github"
      },
      "original": {
        "owner": "numtide",
        "repo": "flake-utils",
        "type": "github"
      }
    },
    "home-manager": {
      "inputs": {
        "nixpkgs": [
          "nixpkgs"
        ]
      },
      "locked": {
        "lastModified": 1651519540,
        "narHash": "sha256-3k6p8VsTwwRPQjE8rrMh+o2AZACZn/eeYJ7ivdQ/Iro=",
        "owner": "nix-community",
        "repo": "home-manager",
        "rev": "d93d56ab8c1c6aa575854a79b9d2f69d491db7d0",
        "type": "github"
      },
      "original": {
        "owner": "nix-community",
        "ref": "release-21.11",
        "repo": "home-manager",
        "type": "github"
      }
    },
    "nixos-hardware": {
      "locked": {
        "lastModified": 1653145312,
        "narHash": "sha256-affCuB0Boa8CDFykoJVPZfhHLBok7Sq+QEOJvo3Xf+k=",
        "owner": "NixOS",
        "repo": "nixos-hardware",
        "rev": "8b5e1bf2fd62adefff05ae67cd49440be93ea193",
        "type": "github"
      },
      "original": {
        "owner": "NixOS",
        "repo": "nixos-hardware",
        "type": "github"
      }
    },
    "nixpkgs": {
      "locked": {
        "lastModified": 1649944829,
        "narHash": "sha256-wjOgLfjCdyoRamMOrVJceeDJk4LvJsQOxBoT3k16/7Q=",
        "path": "/nix/store/m3adrmbqamid0r5f9gq2dk8vzvhlipy5-source",
        "rev": "2f06b87f64bc06229e05045853e0876666e1b023",
        "type": "path"
      },
      "original": {
        "id": "nixpkgs",
        "type": "indirect"
      }
    },
    "nixpkgs-unstable": {
      "locked": {
        "lastModified": 1653060744,
        "narHash": "sha256-kfRusllRumpt33J1hPV+CeCCylCXEU7e0gn2/cIM7cY=",
        "owner": "NixOS",
        "repo": "nixpkgs",
        "rev": "dfd82985c273aac6eced03625f454b334daae2e8",
        "type": "github"
      },
      "original": {
        "owner": "NixOS",
        "ref": "nixos-unstable",
        "repo": "nixpkgs",
        "type": "github"
      }
    },
    "nixpkgs_2": {
      "locked": {
        "lastModified": 1653087707,
        "narHash": "sha256-zfno3snrzZTWQ2B7K53QHrGZwrjnJLTRPalymrSsziU=",
        "owner": "NixOS",
        "repo": "nixpkgs",
        "rev": "cbd40c72b2603ab54e7208f99f9b35fc158bc009",
        "type": "github"
      },
      "original": {
        "owner": "NixOS",
        "ref": "nixos-21.11",
        "repo": "nixpkgs",
        "type": "github"
      }
    },
    "nur": {
      "locked": {
        "lastModified": 1653394728,
        "narHash": "sha256-8swJpuFRNAo+64R0NQ13DIQDt5rMFMmSXmovacaFtHw=",
        "owner": "nix-community",
        "repo": "NUR",
        "rev": "fcf01891f0fb3f4b302328a438a0c709b350b588",
        "type": "github"
      },
      "original": {
        "owner": "nix-community",
        "repo": "NUR",
        "type": "github"
      }
    },
    "root": {
      "inputs": {
        "emacs-overlay": "emacs-overlay",
        "home-manager": "home-manager",
        "nixos-hardware": "nixos-hardware",
        "nixpkgs": "nixpkgs_2",
        "nixpkgs-unstable": "nixpkgs-unstable",
        "nur": "nur"
      }
    }
  },
  "root": "root",
  "version": 7
}
