{
  "nodes": {
    "emacs-overlay": {
      "inputs": {
        "flake-utils": "flake-utils",
        "nixpkgs": "nixpkgs"
      },
      "locked": {
        "lastModified": 1654255545,
        "narHash": "sha256-BpRNfQ7ZEor8T2PBJwuXV0quGU6HtQjPC8iAV2DVdXA=",
        "owner": "nix-community",
        "repo": "emacs-overlay",
        "rev": "04c8cbe99335bb903b76e72752e6840286e2c03a",
        "type": "github"
      },
      "original": {
        "owner": "nix-community",
        "repo": "emacs-overlay",
        "type": "github"
      }
    },
    "flake-utils": {
      "locked": {
        "lastModified": 1653893745,
        "narHash": "sha256-0jntwV3Z8//YwuOjzhV2sgJJPt+HY6KhU7VZUL0fKZQ=",
        "owner": "numtide",
        "repo": "flake-utils",
        "rev": "1ed9fb1935d260de5fe1c2f7ee0ebaae17ed2fa1",
        "type": "github"
      },
      "original": {
        "owner": "numtide",
        "repo": "flake-utils",
        "type": "github"
      }
    },
    "home-manager": {
      "inputs": {
        "nixpkgs": [
          "nixpkgs"
        ]
      },
      "locked": {
        "lastModified": 1651519540,
        "narHash": "sha256-3k6p8VsTwwRPQjE8rrMh+o2AZACZn/eeYJ7ivdQ/Iro=",
        "owner": "nix-community",
        "repo": "home-manager",
        "rev": "d93d56ab8c1c6aa575854a79b9d2f69d491db7d0",
        "type": "github"
      },
      "original": {
        "owner": "nix-community",
        "ref": "release-21.11",
        "repo": "home-manager",
        "type": "github"
      }
    },
    "nixos-hardware": {
      "locked": {
        "lastModified": 1654057797,
        "narHash": "sha256-mXo7C4v7Jj2feBzcReu1Eu/3Rnw5b023E9kOyFsHZQw=",
        "owner": "NixOS",
        "repo": "nixos-hardware",
        "rev": "0cab18a48de7914ef8cad35dca0bb36868f3e1af",
        "type": "github"
      },
      "original": {
        "owner": "NixOS",
        "repo": "nixos-hardware",
        "type": "github"
      }
    },
    "nixpkgs": {
      "locked": {
        "lastModified": 1648553562,
        "narHash": "sha256-xQhRKu6h0phd56oCzGjkhHkY4eDI1XKedGqkFtlXapk=",
        "path": "/nix/store/m469hbqf0nhskgwks2s2cgly5q1cci5q-source",
        "rev": "9b168e5e62406fa2e55e132f390379a6ba22b402",
        "type": "path"
      },
      "original": {
        "id": "nixpkgs",
        "type": "indirect"
      }
    },
    "nixpkgs-unstable": {
      "locked": {
        "lastModified": 1654019511,
        "narHash": "sha256-s3fcwUxa2rV2ZmSbdOtisNmXqeqnF9IFrvhPQL5GCBU=",
        "owner": "NixOS",
        "repo": "nixpkgs",
        "rev": "692517bf851f2d8d999f0ad50f53fa1d2dd5c8f9",
        "type": "github"
      },
      "original": {
        "owner": "NixOS",
        "ref": "nixos-unstable",
        "repo": "nixpkgs",
        "type": "github"
      }
    },
    "nixpkgs_2": {
      "locked": {
        "lastModified": 1653996475,
        "narHash": "sha256-r/UA7h3Dfgf4dlOCkakpqejf1Tagfb+6T+9OdT0qBgU=",
        "owner": "NixOS",
        "repo": "nixpkgs",
        "rev": "ec6eaba9dfcfdd11547d75a193e91e26701bf7e3",
        "type": "github"
      },
      "original": {
        "owner": "NixOS",
        "ref": "nixos-21.11",
        "repo": "nixpkgs",
        "type": "github"
      }
    },
    "nur": {
      "locked": {
        "lastModified": 1654248756,
        "narHash": "sha256-LZuhksW59MwklXQPGlnqns07rz91NAqnDM7K5+s5Kro=",
        "owner": "nix-community",
        "repo": "NUR",
        "rev": "5473c9e430d69b933cae009b0e686e1316c57718",
        "type": "github"
      },
      "original": {
        "owner": "nix-community",
        "repo": "NUR",
        "type": "github"
      }
    },
    "root": {
      "inputs": {
        "emacs-overlay": "emacs-overlay",
        "home-manager": "home-manager",
        "nixos-hardware": "nixos-hardware",
        "nixpkgs": "nixpkgs_2",
        "nixpkgs-unstable": "nixpkgs-unstable",
        "nur": "nur"
      }
    }
  },
  "root": "root",
  "version": 7
}
